{
  "dependencies": {
    "abbrev": {
      "version": "1.0.9",
      "resolved": "https://registry.npmjs.org/abbrev/-/abbrev-1.0.9.tgz",
      "from": "abbrev@>=1.0.0 <2.0.0"
    },
    "ansi-regex": {
      "version": "2.0.0",
      "resolved": "https://registry.npmjs.org/ansi-regex/-/ansi-regex-2.0.0.tgz",
      "from": "ansi-regex@>=2.0.0 <3.0.0"
    },
    "ansi-styles": {
      "version": "2.2.1",
      "resolved": "https://registry.npmjs.org/ansi-styles/-/ansi-styles-2.2.1.tgz",
      "from": "ansi-styles@>=2.2.1 <3.0.0"
    },
    "ansi-term": {
      "version": "0.0.2",
      "resolved": "https://registry.npmjs.org/ansi-term/-/ansi-term-0.0.2.tgz",
      "from": "ansi-term@>=0.0.1"
    },
    "ansicolors": {
      "version": "0.2.1",
      "resolved": "https://registry.npmjs.org/ansicolors/-/ansicolors-0.2.1.tgz",
      "from": "ansicolors@>=0.2.1 <0.3.0"
    },
    "asn1": {
      "version": "0.2.3",
      "resolved": "https://registry.npmjs.org/asn1/-/asn1-0.2.3.tgz",
      "from": "asn1@>=0.2.3 <0.3.0"
    },
    "assert-plus": {
      "version": "0.2.0",
      "resolved": "https://registry.npmjs.org/assert-plus/-/assert-plus-0.2.0.tgz",
      "from": "assert-plus@>=0.2.0 <0.3.0"
    },
    "asynckit": {
      "version": "0.4.0",
      "resolved": "https://registry.npmjs.org/asynckit/-/asynckit-0.4.0.tgz",
      "from": "asynckit@>=0.4.0 <0.5.0"
    },
    "aws-iot-device-sdk": {
      "version": "1.0.6",
      "resolved": "https://registry.npmjs.org/aws-iot-device-sdk/-/aws-iot-device-sdk-1.0.6.tgz",
      "from": "aws-iot-device-sdk@1.0.6"
    },
    "aws-sign2": {
      "version": "0.6.0",
      "resolved": "https://registry.npmjs.org/aws-sign2/-/aws-sign2-0.6.0.tgz",
      "from": "aws-sign2@>=0.6.0 <0.7.0"
    },
    "aws4": {
      "version": "1.5.0",
      "resolved": "https://registry.npmjs.org/aws4/-/aws4-1.5.0.tgz",
      "from": "aws4@>=1.2.1 <2.0.0"
    },
    "bcrypt-pbkdf": {
      "version": "1.0.0",
      "resolved": "https://registry.npmjs.org/bcrypt-pbkdf/-/bcrypt-pbkdf-1.0.0.tgz",
      "from": "bcrypt-pbkdf@>=1.0.0 <2.0.0"
    },
    "bl": {
      "version": "0.9.5",
      "resolved": "https://registry.npmjs.org/bl/-/bl-0.9.5.tgz",
      "from": "bl@>=0.9.1 <0.10.0"
    },
    "blessed": {
      "version": "0.1.81",
      "resolved": "https://registry.npmjs.org/blessed/-/blessed-0.1.81.tgz",
      "from": "blessed@0.1.81"
    },
    "blessed-contrib": {
      "version": "2.3.3",
      "resolved": "https://registry.npmjs.org/blessed-contrib/-/blessed-contrib-2.3.3.tgz",
      "from": "blessed-contrib@2.3.3"
    },
    "boom": {
      "version": "2.10.1",
      "resolved": "https://registry.npmjs.org/boom/-/boom-2.10.1.tgz",
      "from": "boom@>=2.0.0 <3.0.0"
    },
    "bresenham": {
      "version": "0.0.3",
      "resolved": "https://registry.npmjs.org/bresenham/-/bresenham-0.0.3.tgz",
      "from": "bresenham@0.0.3"
    },
    "buffer-shims": {
      "version": "1.0.0",
      "resolved": "https://registry.npmjs.org/buffer-shims/-/buffer-shims-1.0.0.tgz",
      "from": "buffer-shims@>=1.0.0 <2.0.0"
    },
    "buffers": {
      "version": "0.1.1",
      "resolved": "https://registry.npmjs.org/buffers/-/buffers-0.1.1.tgz",
      "from": "buffers@>=0.1.1 <0.2.0"
    },
    "cardinal": {
      "version": "1.0.0",
      "resolved": "https://registry.npmjs.org/cardinal/-/cardinal-1.0.0.tgz",
      "from": "cardinal@>=1.0.0 <2.0.0"
    },
    "caseless": {
      "version": "0.11.0",
      "resolved": "https://registry.npmjs.org/caseless/-/caseless-0.11.0.tgz",
      "from": "caseless@>=0.11.0 <0.12.0"
    },
    "chalk": {
      "version": "1.1.3",
      "resolved": "https://registry.npmjs.org/chalk/-/chalk-1.1.3.tgz",
      "from": "chalk@>=1.1.0 <2.0.0"
    },
    "charm": {
      "version": "0.1.2",
      "resolved": "https://registry.npmjs.org/charm/-/charm-0.1.2.tgz",
      "from": "charm@>=0.1.0 <0.2.0"
    },
    "cli-table": {
      "version": "0.3.1",
      "resolved": "https://registry.npmjs.org/cli-table/-/cli-table-0.3.1.tgz",
      "from": "cli-table@>=0.3.1 <0.4.0"
    },
    "colors": {
      "version": "1.0.3",
      "resolved": "https://registry.npmjs.org/colors/-/colors-1.0.3.tgz",
      "from": "colors@1.0.3"
    },
    "combined-stream": {
      "version": "1.0.5",
      "resolved": "https://registry.npmjs.org/combined-stream/-/combined-stream-1.0.5.tgz",
      "from": "combined-stream@>=1.0.5 <1.1.0"
    },
    "commander": {
      "version": "2.9.0",
      "resolved": "https://registry.npmjs.org/commander/-/commander-2.9.0.tgz",
      "from": "commander@>=2.9.0 <3.0.0"
    },
    "commist": {
      "version": "1.0.0",
      "resolved": "https://registry.npmjs.org/commist/-/commist-1.0.0.tgz",
      "from": "commist@>=1.0.0 <2.0.0"
    },
    "concat-stream": {
      "version": "1.6.0",
      "resolved": "https://registry.npmjs.org/concat-stream/-/concat-stream-1.6.0.tgz",
      "from": "concat-stream@>=1.4.7 <2.0.0",
      "dependencies": {
        "isarray": {
          "version": "1.0.0",
          "resolved": "https://registry.npmjs.org/isarray/-/isarray-1.0.0.tgz",
          "from": "isarray@>=1.0.0 <1.1.0"
        },
        "readable-stream": {
          "version": "2.2.2",
          "resolved": "https://registry.npmjs.org/readable-stream/-/readable-stream-2.2.2.tgz",
          "from": "readable-stream@>=2.2.2 <3.0.0"
        }
      }
    },
    "core-util-is": {
      "version": "1.0.2",
      "resolved": "https://registry.npmjs.org/core-util-is/-/core-util-is-1.0.2.tgz",
      "from": "core-util-is@>=1.0.0 <1.1.0"
    },
    "cryptiles": {
      "version": "2.0.5",
      "resolved": "https://registry.npmjs.org/cryptiles/-/cryptiles-2.0.5.tgz",
      "from": "cryptiles@>=2.0.0 <3.0.0"
    },
    "dashdash": {
      "version": "1.14.1",
      "resolved": "https://registry.npmjs.org/dashdash/-/dashdash-1.14.1.tgz",
      "from": "dashdash@>=1.12.0 <2.0.0",
      "dependencies": {
        "assert-plus": {
          "version": "1.0.0",
          "resolved": "https://registry.npmjs.org/assert-plus/-/assert-plus-1.0.0.tgz",
          "from": "assert-plus@>=1.0.0 <2.0.0"
        }
      }
    },
    "delayed-stream": {
      "version": "1.0.0",
      "resolved": "https://registry.npmjs.org/delayed-stream/-/delayed-stream-1.0.0.tgz",
      "from": "delayed-stream@>=1.0.0 <1.1.0"
    },
    "drawille-blessed-contrib": {
      "version": "1.0.0",
      "resolved": "https://registry.npmjs.org/drawille-blessed-contrib/-/drawille-blessed-contrib-1.0.0.tgz",
      "from": "drawille-blessed-contrib@>=0.0.1"
    },
    "drawille-canvas-blessed-contrib": {
      "version": "0.1.3",
      "resolved": "https://registry.npmjs.org/drawille-canvas-blessed-contrib/-/drawille-canvas-blessed-contrib-0.1.3.tgz",
      "from": "drawille-canvas-blessed-contrib@>=0.0.1"
    },
    "duplexify": {
      "version": "3.5.0",
      "resolved": "https://registry.npmjs.org/duplexify/-/duplexify-3.5.0.tgz",
      "from": "duplexify@>=3.2.0 <4.0.0",
      "dependencies": {
        "end-of-stream": {
          "version": "1.0.0",
          "resolved": "https://registry.npmjs.org/end-of-stream/-/end-of-stream-1.0.0.tgz",
          "from": "end-of-stream@1.0.0"
        },
        "isarray": {
          "version": "1.0.0",
          "resolved": "https://registry.npmjs.org/isarray/-/isarray-1.0.0.tgz",
          "from": "isarray@>=1.0.0 <1.1.0"
        },
        "readable-stream": {
          "version": "2.2.2",
          "resolved": "https://registry.npmjs.org/readable-stream/-/readable-stream-2.2.2.tgz",
          "from": "readable-stream@>=2.0.0 <3.0.0"
        }
      }
    },
    "ecc-jsbn": {
      "version": "0.1.1",
      "resolved": "https://registry.npmjs.org/ecc-jsbn/-/ecc-jsbn-0.1.1.tgz",
      "from": "ecc-jsbn@>=0.1.1 <0.2.0"
    },
    "end-of-stream": {
      "version": "1.1.0",
      "resolved": "https://registry.npmjs.org/end-of-stream/-/end-of-stream-1.1.0.tgz",
      "from": "end-of-stream@>=1.1.0 <2.0.0"
    },
    "escape-string-regexp": {
      "version": "1.0.5",
      "resolved": "https://registry.npmjs.org/escape-string-regexp/-/escape-string-regexp-1.0.5.tgz",
      "from": "escape-string-regexp@>=1.0.2 <2.0.0"
    },
    "esprima": {
      "version": "3.0.0",
      "resolved": "https://registry.npmjs.org/esprima/-/esprima-3.0.0.tgz",
      "from": "esprima@>=3.0.0 <3.1.0"
    },
    "event-stream": {
      "version": "0.9.8",
      "resolved": "https://registry.npmjs.org/event-stream/-/event-stream-0.9.8.tgz",
      "from": "event-stream@>=0.9.8 <0.10.0",
      "dependencies": {
        "optimist": {
          "version": "0.2.8",
          "resolved": "https://registry.npmjs.org/optimist/-/optimist-0.2.8.tgz",
          "from": "optimist@>=0.2.0 <0.3.0"
        }
      }
    },
    "extend": {
      "version": "3.0.0",
      "resolved": "https://registry.npmjs.org/extend/-/extend-3.0.0.tgz",
      "from": "extend@>=3.0.0 <3.1.0"
    },
    "extsprintf": {
      "version": "1.0.2",
      "resolved": "https://registry.npmjs.org/extsprintf/-/extsprintf-1.0.2.tgz",
      "from": "extsprintf@1.0.2"
    },
    "forever-agent": {
      "version": "0.6.1",
      "resolved": "https://registry.npmjs.org/forever-agent/-/forever-agent-0.6.1.tgz",
      "from": "forever-agent@>=0.6.1 <0.7.0"
    },
    "form-data": {
      "version": "2.1.2",
      "resolved": "https://registry.npmjs.org/form-data/-/form-data-2.1.2.tgz",
      "from": "form-data@>=2.1.1 <2.2.0"
    },
    "generate-function": {
      "version": "2.0.0",
      "resolved": "https://registry.npmjs.org/generate-function/-/generate-function-2.0.0.tgz",
      "from": "generate-function@>=2.0.0 <3.0.0"
    },
    "generate-object-property": {
      "version": "1.2.0",
      "resolved": "https://registry.npmjs.org/generate-object-property/-/generate-object-property-1.2.0.tgz",
      "from": "generate-object-property@>=1.1.0 <2.0.0"
    },
    "getpass": {
      "version": "0.1.6",
      "resolved": "https://registry.npmjs.org/getpass/-/getpass-0.1.6.tgz",
      "from": "getpass@>=0.1.1 <0.2.0",
      "dependencies": {
        "assert-plus": {
          "version": "1.0.0",
          "resolved": "https://registry.npmjs.org/assert-plus/-/assert-plus-1.0.0.tgz",
          "from": "assert-plus@>=1.0.0 <2.0.0"
        }
      }
    },
    "gl-matrix": {
      "version": "2.3.2",
      "resolved": "https://registry.npmjs.org/gl-matrix/-/gl-matrix-2.3.2.tgz",
      "from": "gl-matrix@>=2.1.0 <3.0.0"
    },
    "graceful-readlink": {
      "version": "1.0.1",
      "resolved": "https://registry.npmjs.org/graceful-readlink/-/graceful-readlink-1.0.1.tgz",
      "from": "graceful-readlink@>=1.0.0"
    },
    "har-validator": {
      "version": "2.0.6",
      "resolved": "https://registry.npmjs.org/har-validator/-/har-validator-2.0.6.tgz",
      "from": "har-validator@>=2.0.6 <2.1.0"
    },
    "has-ansi": {
      "version": "2.0.0",
      "resolved": "https://registry.npmjs.org/has-ansi/-/has-ansi-2.0.0.tgz",
      "from": "has-ansi@>=2.0.0 <3.0.0"
    },
    "hawk": {
      "version": "3.1.3",
      "resolved": "https://registry.npmjs.org/hawk/-/hawk-3.1.3.tgz",
      "from": "hawk@>=3.1.3 <3.2.0"
    },
    "help-me": {
      "version": "0.1.0",
      "resolved": "https://registry.npmjs.org/help-me/-/help-me-0.1.0.tgz",
      "from": "help-me@>=0.1.0 <0.2.0"
    },
    "here": {
      "version": "0.0.2",
      "resolved": "https://registry.npmjs.org/here/-/here-0.0.2.tgz",
      "from": "here@0.0.2"
    },
    "hoek": {
      "version": "2.16.3",
      "resolved": "https://registry.npmjs.org/hoek/-/hoek-2.16.3.tgz",
      "from": "hoek@>=2.0.0 <3.0.0"
    },
    "http-signature": {
      "version": "1.1.1",
      "resolved": "https://registry.npmjs.org/http-signature/-/http-signature-1.1.1.tgz",
      "from": "http-signature@>=1.1.0 <1.2.0"
    },
    "inherits": {
      "version": "2.0.3",
      "resolved": "https://registry.npmjs.org/inherits/-/inherits-2.0.3.tgz",
      "from": "inherits@>=2.0.1 <2.1.0"
    },
    "is-my-json-valid": {
      "version": "2.15.0",
      "resolved": "https://registry.npmjs.org/is-my-json-valid/-/is-my-json-valid-2.15.0.tgz",
      "from": "is-my-json-valid@>=2.12.4 <3.0.0"
    },
    "is-property": {
      "version": "1.0.2",
      "resolved": "https://registry.npmjs.org/is-property/-/is-property-1.0.2.tgz",
      "from": "is-property@>=1.0.0 <2.0.0"
    },
    "is-typedarray": {
      "version": "1.0.0",
      "resolved": "https://registry.npmjs.org/is-typedarray/-/is-typedarray-1.0.0.tgz",
      "from": "is-typedarray@>=1.0.0 <1.1.0"
    },
    "isarray": {
      "version": "0.0.1",
      "resolved": "https://registry.npmjs.org/isarray/-/isarray-0.0.1.tgz",
      "from": "isarray@0.0.1"
    },
    "isstream": {
      "version": "0.1.2",
      "resolved": "https://registry.npmjs.org/isstream/-/isstream-0.1.2.tgz",
      "from": "isstream@>=0.1.2 <0.2.0"
    },
    "jodid25519": {
      "version": "1.0.2",
      "resolved": "https://registry.npmjs.org/jodid25519/-/jodid25519-1.0.2.tgz",
      "from": "jodid25519@>=1.0.0 <2.0.0"
    },
    "jsbn": {
      "version": "0.1.0",
      "resolved": "https://registry.npmjs.org/jsbn/-/jsbn-0.1.0.tgz",
      "from": "jsbn@>=0.1.0 <0.2.0"
    },
    "json-schema": {
      "version": "0.2.3",
      "resolved": "https://registry.npmjs.org/json-schema/-/json-schema-0.2.3.tgz",
      "from": "json-schema@0.2.3"
    },
    "json-stringify-safe": {
      "version": "5.0.1",
      "resolved": "https://registry.npmjs.org/json-stringify-safe/-/json-stringify-safe-5.0.1.tgz",
      "from": "json-stringify-safe@>=5.0.1 <5.1.0"
    },
    "jsonpointer": {
      "version": "4.0.0",
      "resolved": "https://registry.npmjs.org/jsonpointer/-/jsonpointer-4.0.0.tgz",
      "from": "jsonpointer@>=4.0.0 <5.0.0"
    },
    "jsprim": {
      "version": "1.3.1",
      "resolved": "https://registry.npmjs.org/jsprim/-/jsprim-1.3.1.tgz",
      "from": "jsprim@>=1.2.2 <2.0.0"
    },
    "leven": {
      "version": "1.0.2",
      "resolved": "https://registry.npmjs.org/leven/-/leven-1.0.2.tgz",
      "from": "leven@>=1.0.0 <2.0.0"
    },
    "lodash": {
      "version": "4.17.2",
      "resolved": "https://registry.npmjs.org/lodash/-/lodash-4.17.2.tgz",
      "from": "lodash@>=3.0.0"
    },
    "lodash.assign": {
      "version": "4.2.0",
      "resolved": "https://registry.npmjs.org/lodash.assign/-/lodash.assign-4.2.0.tgz",
      "from": "lodash.assign@>=4.2.0 <5.0.0"
    },
    "map-canvas": {
      "version": "0.1.5",
      "resolved": "https://registry.npmjs.org/map-canvas/-/map-canvas-0.1.5.tgz",
      "from": "map-canvas@>=0.1.5"
    },
    "marked": {
      "version": "0.3.6",
      "resolved": "https://registry.npmjs.org/marked/-/marked-0.3.6.tgz",
      "from": "marked@>=0.3.3 <0.4.0"
    },
    "marked-terminal": {
      "version": "1.7.0",
      "resolved": "https://registry.npmjs.org/marked-terminal/-/marked-terminal-1.7.0.tgz",
      "from": "marked-terminal@>=1.5.0 <2.0.0"
    },
    "memory-streams": {
      "version": "0.1.0",
      "resolved": "https://registry.npmjs.org/memory-streams/-/memory-streams-0.1.0.tgz",
      "from": "memory-streams@>=0.1.0 <0.2.0"
    },
    "memorystream": {
      "version": "0.3.1",
      "resolved": "https://registry.npmjs.org/memorystream/-/memorystream-0.3.1.tgz",
      "from": "memorystream@>=0.3.1 <0.4.0"
    },
    "mime-db": {
      "version": "1.25.0",
      "resolved": "https://registry.npmjs.org/mime-db/-/mime-db-1.25.0.tgz",
      "from": "mime-db@>=1.25.0 <1.26.0"
    },
    "mime-types": {
      "version": "2.1.13",
      "resolved": "https://registry.npmjs.org/mime-types/-/mime-types-2.1.13.tgz",
      "from": "mime-types@>=2.1.7 <2.2.0"
    },
    "minimist": {
      "version": "1.2.0",
      "resolved": "https://registry.npmjs.org/minimist/-/minimist-1.2.0.tgz",
      "from": "minimist@1.2.0"
    },
    "mqtt": {
      "version": "1.4.3",
      "resolved": "https://registry.npmjs.org/mqtt/-/mqtt-1.4.3.tgz",
      "from": "mqtt@1.4.3"
    },
    "mqtt-connection": {
      "version": "2.1.1",
      "resolved": "https://registry.npmjs.org/mqtt-connection/-/mqtt-connection-2.1.1.tgz",
      "from": "mqtt-connection@>=2.0.0 <3.0.0"
    },
    "mqtt-packet": {
      "version": "3.4.7",
      "resolved": "https://registry.npmjs.org/mqtt-packet/-/mqtt-packet-3.4.7.tgz",
      "from": "mqtt-packet@>=3.2.0 <4.0.0"
    },
    "node-emoji": {
      "version": "1.4.3",
      "resolved": "https://registry.npmjs.org/node-emoji/-/node-emoji-1.4.3.tgz",
      "from": "node-emoji@>=1.4.1 <2.0.0"
    },
    "nopt": {
      "version": "2.1.2",
      "resolved": "https://registry.npmjs.org/nopt/-/nopt-2.1.2.tgz",
      "from": "nopt@>=2.1.2 <2.2.0"
    },
    "oauth-sign": {
      "version": "0.8.2",
      "resolved": "https://registry.npmjs.org/oauth-sign/-/oauth-sign-0.8.2.tgz",
      "from": "oauth-sign@>=0.8.1 <0.9.0"
    },
    "once": {
      "version": "1.3.3",
      "resolved": "https://registry.npmjs.org/once/-/once-1.3.3.tgz",
      "from": "once@>=1.3.0 <1.4.0"
    },
    "optimist": {
      "version": "0.3.7",
      "resolved": "https://registry.npmjs.org/optimist/-/optimist-0.3.7.tgz",
      "from": "optimist@>=0.3.4 <0.4.0"
    },
    "options": {
      "version": "0.0.6",
      "resolved": "https://registry.npmjs.org/options/-/options-0.0.6.tgz",
      "from": "options@>=0.0.5"
    },
    "picture-tube": {
      "version": "0.0.4",
      "resolved": "https://registry.npmjs.org/picture-tube/-/picture-tube-0.0.4.tgz",
      "from": "picture-tube@0.0.4",
      "dependencies": {
        "request": {
          "version": "2.9.203",
          "resolved": "https://registry.npmjs.org/request/-/request-2.9.203.tgz",
          "from": "request@>=2.9.202 <2.10.0"
        }
      }
    },
    "pinkie": {
      "version": "2.0.4",
      "resolved": "https://registry.npmjs.org/pinkie/-/pinkie-2.0.4.tgz",
      "from": "pinkie@>=2.0.0 <3.0.0"
    },
    "pinkie-promise": {
      "version": "2.0.1",
      "resolved": "https://registry.npmjs.org/pinkie-promise/-/pinkie-promise-2.0.1.tgz",
      "from": "pinkie-promise@>=2.0.0 <3.0.0"
    },
    "png-js": {
      "version": "0.1.1",
      "resolved": "https://registry.npmjs.org/png-js/-/png-js-0.1.1.tgz",
      "from": "png-js@>=0.1.0 <0.2.0"
    },
    "process-nextick-args": {
      "version": "1.0.7",
      "resolved": "https://registry.npmjs.org/process-nextick-args/-/process-nextick-args-1.0.7.tgz",
      "from": "process-nextick-args@>=1.0.6 <1.1.0"
    },
    "pump": {
      "version": "1.0.1",
      "resolved": "https://registry.npmjs.org/pump/-/pump-1.0.1.tgz",
      "from": "pump@>=1.0.0 <2.0.0"
    },
    "punycode": {
      "version": "1.4.1",
      "resolved": "https://registry.npmjs.org/punycode/-/punycode-1.4.1.tgz",
      "from": "punycode@>=1.4.1 <2.0.0"
    },
    "qs": {
      "version": "6.3.0",
      "resolved": "https://registry.npmjs.org/qs/-/qs-6.3.0.tgz",
      "from": "qs@>=6.3.0 <6.4.0"
    },
    "readable-stream": {
      "version": "1.0.34",
      "resolved": "https://registry.npmjs.org/readable-stream/-/readable-stream-1.0.34.tgz",
      "from": "readable-stream@>=1.0.2 <1.1.0"
    },
    "redeyed": {
      "version": "1.0.1",
      "resolved": "https://registry.npmjs.org/redeyed/-/redeyed-1.0.1.tgz",
      "from": "redeyed@>=1.0.0 <1.1.0"
    },
    "reduplexer": {
      "version": "1.1.0",
      "resolved": "https://registry.npmjs.org/reduplexer/-/reduplexer-1.1.0.tgz",
      "from": "reduplexer@>=1.1.0 <2.0.0"
    },
    "request": {
      "version": "2.79.0",
      "resolved": "https://registry.npmjs.org/request/-/request-2.79.0.tgz",
      "from": "request@>=2.53.0 <3.0.0"
    },
    "sax": {
      "version": "1.2.1",
      "resolved": "https://registry.npmjs.org/sax/-/sax-1.2.1.tgz",
      "from": "sax@>=0.6.0"
    },
    "sntp": {
      "version": "1.0.9",
      "resolved": "https://registry.npmjs.org/sntp/-/sntp-1.0.9.tgz",
      "from": "sntp@>=1.0.0 <2.0.0"
    },
    "sparkline": {
      "version": "0.1.2",
      "resolved": "https://registry.npmjs.org/sparkline/-/sparkline-0.1.2.tgz",
      "from": "sparkline@>=0.1.1 <0.2.0"
    },
    "sshpk": {
      "version": "1.10.1",
      "resolved": "https://registry.npmjs.org/sshpk/-/sshpk-1.10.1.tgz",
      "from": "sshpk@>=1.7.0 <2.0.0",
      "dependencies": {
        "assert-plus": {
          "version": "1.0.0",
          "resolved": "https://registry.npmjs.org/assert-plus/-/assert-plus-1.0.0.tgz",
          "from": "assert-plus@>=1.0.0 <2.0.0"
        }
      }
    },
    "stream-shift": {
      "version": "1.0.0",
      "resolved": "https://registry.npmjs.org/stream-shift/-/stream-shift-1.0.0.tgz",
      "from": "stream-shift@>=1.0.0 <2.0.0"
    },
    "string.prototype.codepointat": {
      "version": "0.2.0",
      "resolved": "https://registry.npmjs.org/string.prototype.codepointat/-/string.prototype.codepointat-0.2.0.tgz",
      "from": "string.prototype.codepointat@>=0.2.0 <0.3.0"
    },
    "string_decoder": {
      "version": "0.10.31",
      "resolved": "https://registry.npmjs.org/string_decoder/-/string_decoder-0.10.31.tgz",
      "from": "string_decoder@>=0.10.0 <0.11.0"
    },
    "stringstream": {
      "version": "0.0.5",
      "resolved": "https://registry.npmjs.org/stringstream/-/stringstream-0.0.5.tgz",
      "from": "stringstream@>=0.0.4 <0.1.0"
    },
    "strip-ansi": {
      "version": "3.0.1",
      "resolved": "https://registry.npmjs.org/strip-ansi/-/strip-ansi-3.0.1.tgz",
      "from": "strip-ansi@>=3.0.0 <4.0.0"
    },
    "supports-color": {
      "version": "2.0.0",
      "resolved": "https://registry.npmjs.org/supports-color/-/supports-color-2.0.0.tgz",
      "from": "supports-color@>=2.0.0 <3.0.0"
    },
    "term-canvas": {
      "version": "0.0.5",
      "resolved": "https://registry.npmjs.org/term-canvas/-/term-canvas-0.0.5.tgz",
      "from": "term-canvas@0.0.5"
    },
    "through2": {
      "version": "0.6.5",
      "resolved": "https://registry.npmjs.org/through2/-/through2-0.6.5.tgz",
      "from": "through2@>=0.6.3 <0.7.0"
    },
    "tough-cookie": {
      "version": "2.3.2",
      "resolved": "https://registry.npmjs.org/tough-cookie/-/tough-cookie-2.3.2.tgz",
      "from": "tough-cookie@>=2.3.0 <2.4.0"
    },
    "tunnel-agent": {
      "version": "0.4.3",
      "resolved": "https://registry.npmjs.org/tunnel-agent/-/tunnel-agent-0.4.3.tgz",
      "from": "tunnel-agent@>=0.4.1 <0.5.0"
    },
    "tweetnacl": {
      "version": "0.14.5",
      "resolved": "https://registry.npmjs.org/tweetnacl/-/tweetnacl-0.14.5.tgz",
      "from": "tweetnacl@>=0.14.0 <0.15.0"
    },
    "typedarray": {
      "version": "0.0.6",
      "resolved": "https://registry.npmjs.org/typedarray/-/typedarray-0.0.6.tgz",
      "from": "typedarray@>=0.0.6 <0.0.7"
    },
    "ultron": {
      "version": "1.0.2",
      "resolved": "https://registry.npmjs.org/ultron/-/ultron-1.0.2.tgz",
      "from": "ultron@>=1.0.0 <1.1.0"
    },
    "util-deprecate": {
      "version": "1.0.2",
      "resolved": "https://registry.npmjs.org/util-deprecate/-/util-deprecate-1.0.2.tgz",
      "from": "util-deprecate@>=1.0.1 <1.1.0"
    },
    "uuid": {
      "version": "3.0.1",
      "resolved": "https://registry.npmjs.org/uuid/-/uuid-3.0.1.tgz",
      "from": "uuid@>=3.0.0 <4.0.0"
    },
    "verror": {
      "version": "1.3.6",
      "resolved": "https://registry.npmjs.org/verror/-/verror-1.3.6.tgz",
      "from": "verror@1.3.6"
    },
    "websocket-stream": {
      "version": "2.3.0",
      "resolved": "https://registry.npmjs.org/websocket-stream/-/websocket-stream-2.3.0.tgz",
      "from": "websocket-stream@>=2.0.2 <3.0.0",
      "dependencies": {
        "isarray": {
          "version": "1.0.0",
          "resolved": "https://registry.npmjs.org/isarray/-/isarray-1.0.0.tgz",
          "from": "isarray@>=1.0.0 <1.1.0"
        },
        "readable-stream": {
          "version": "2.2.2",
          "resolved": "https://registry.npmjs.org/readable-stream/-/readable-stream-2.2.2.tgz",
          "from": "readable-stream@>=2.1.5 <3.0.0"
        },
        "through2": {
          "version": "2.0.3",
          "resolved": "https://registry.npmjs.org/through2/-/through2-2.0.3.tgz",
          "from": "through2@>=2.0.0 <3.0.0"
        }
      }
    },
    "wordwrap": {
      "version": "0.0.3",
      "resolved": "https://registry.npmjs.org/wordwrap/-/wordwrap-0.0.3.tgz",
      "from": "wordwrap@>=0.0.1 <0.1.0"
    },
    "wrappy": {
      "version": "1.0.2",
      "resolved": "https://registry.npmjs.org/wrappy/-/wrappy-1.0.2.tgz",
      "from": "wrappy@>=1.0.0 <2.0.0"
    },
    "ws": {
      "version": "0.8.1",
      "resolved": "https://registry.npmjs.org/ws/-/ws-0.8.1.tgz",
      "from": "ws@>=0.8.0 <0.9.0"
    },
    "x256": {
      "version": "0.0.2",
      "resolved": "https://registry.npmjs.org/x256/-/x256-0.0.2.tgz",
      "from": "x256@>=0.0.1"
    },
    "xml2js": {
      "version": "0.4.17",
      "resolved": "https://registry.npmjs.org/xml2js/-/xml2js-0.4.17.tgz",
      "from": "xml2js@>=0.4.5 <0.5.0"
    },
    "xmlbuilder": {
      "version": "4.2.1",
      "resolved": "https://registry.npmjs.org/xmlbuilder/-/xmlbuilder-4.2.1.tgz",
      "from": "xmlbuilder@>=4.1.0 <5.0.0"
    },
    "xtend": {
      "version": "4.0.1",
      "resolved": "https://registry.npmjs.org/xtend/-/xtend-4.0.1.tgz",
      "from": "xtend@>=4.0.0 <5.0.0"
    }
  }
}
